
Microsoft Visual Studio Solution File, Format Version 12.00
# Visual Studio Version 17
VisualStudioVersion = 17.0.31903.59
MinimumVisualStudioVersion = 10.0.40219.1
Project("{FAE04EC0-301F-11D3-BF4B-00C04F79EFBC}") = "ManipulaVar", "ManipulaVar\ManipulaVar.csproj", "{5C48A7AB-7C1F-476F-9181-C0476305DD1A}"
EndProject
Project("{FAE04EC0-301F-11D3-BF4B-00C04F79EFBC}") = "PerguntaValores", "PerguntaValores\PerguntaValores.csproj", "{68F847A0-ABE3-4D6A-9F67-E128DE7DB3D8}"
EndProject
Project("{FAE04EC0-301F-11D3-BF4B-00C04F79EFBC}") = "Specials", "Specials\Specials.csproj", "{22933BB7-BBBF-4D83-A1B1-DE373FB10BE3}"
EndProject
Global
	GlobalSection(SolutionConfigurationPlatforms) = preSolution
		Debug|Any CPU = Debug|Any CPU
		Release|Any CPU = Release|Any CPU
	EndGlobalSection
	GlobalSection(SolutionProperties) = preSolution
		HideSolutionNode = FALSE
	EndGlobalSection
	GlobalSection(ProjectConfigurationPlatforms) = postSolution
		{5C48A7AB-7C1F-476F-9181-C0476305DD1A}.Debug|Any CPU.ActiveCfg = Debug|Any CPU
		{5C48A7AB-7C1F-476F-9181-C0476305DD1A}.Debug|Any CPU.Build.0 = Debug|Any CPU
		{5C48A7AB-7C1F-476F-9181-C0476305DD1A}.Release|Any CPU.ActiveCfg = Release|Any CPU
		{5C48A7AB-7C1F-476F-9181-C0476305DD1A}.Release|Any CPU.Build.0 = Release|Any CPU
		{68F847A0-ABE3-4D6A-9F67-E128DE7DB3D8}.Debug|Any CPU.ActiveCfg = Debug|Any CPU
		{68F847A0-ABE3-4D6A-9F67-E128DE7DB3D8}.Debug|Any CPU.Build.0 = Debug|Any CPU
		{68F847A0-ABE3-4D6A-9F67-E128DE7DB3D8}.Release|Any CPU.ActiveCfg = Release|Any CPU
		{68F847A0-ABE3-4D6A-9F67-E128DE7DB3D8}.Release|Any CPU.Build.0 = Release|Any CPU
		{22933BB7-BBBF-4D83-A1B1-DE373FB10BE3}.Debug|Any CPU.ActiveCfg = Debug|Any CPU
		{22933BB7-BBBF-4D83-A1B1-DE373FB10BE3}.Debug|Any CPU.Build.0 = Debug|Any CPU
		{22933BB7-BBBF-4D83-A1B1-DE373FB10BE3}.Release|Any CPU.ActiveCfg = Release|Any CPU
		{22933BB7-BBBF-4D83-A1B1-DE373FB10BE3}.Release|Any CPU.Build.0 = Release|Any CPU
	EndGlobalSection
EndGlobal
